
Microsoft Visual Studio Solution File, Format Version 12.00
# Visual Studio Version 17
VisualStudioVersion = 17.1.32319.34
MinimumVisualStudioVersion = 10.0.40219.1
Project("{9A19103F-16F7-4668-BE54-9A1E7A4F7556}") = "UserManagement.Domain", "UserManagement.Domain\UserManagement.Domain.csproj", "{B476AFE8-1F9B-40B0-B747-0B74D8330E5B}"
EndProject
Project("{9A19103F-16F7-4668-BE54-9A1E7A4F7556}") = "UserManagement.Application", "UserManagement.Application\UserManagement.Application.csproj", "{C2FB4409-DE5C-4146-9ACE-6022CDE14007}"
EndProject
Project("{9A19103F-16F7-4668-BE54-9A1E7A4F7556}") = "UserManagement.Infrastructure", "UserManagement.Infrastructure\UserManagement.Infrastructure.csproj", "{297BF97B-9498-458F-8063-3D0B8C80CF85}"
EndProject
Project("{9A19103F-16F7-4668-BE54-9A1E7A4F7556}") = "UserManagement.Api", "UserManagement.Api\UserManagement.Api.csproj", "{85ED6B92-1460-429A-8E3F-B17C4602C3B4}"
EndProject
Project("{2150E333-8FDC-42A3-9474-1A3956D46DE8}") = "Solution Items", "Solution Items", "{3FBB85DE-4361-4FCD-837C-B43ED127E000}"
	ProjectSection(SolutionItems) = preProject
		docker-compose.yaml = docker-compose.yaml
	EndProjectSection
EndProject
Global
	GlobalSection(SolutionConfigurationPlatforms) = preSolution
		Debug|Any CPU = Debug|Any CPU
		Release|Any CPU = Release|Any CPU
	EndGlobalSection
	GlobalSection(ProjectConfigurationPlatforms) = postSolution
		{B476AFE8-1F9B-40B0-B747-0B74D8330E5B}.Debug|Any CPU.ActiveCfg = Debug|Any CPU
		{B476AFE8-1F9B-40B0-B747-0B74D8330E5B}.Debug|Any CPU.Build.0 = Debug|Any CPU
		{B476AFE8-1F9B-40B0-B747-0B74D8330E5B}.Release|Any CPU.ActiveCfg = Release|Any CPU
		{B476AFE8-1F9B-40B0-B747-0B74D8330E5B}.Release|Any CPU.Build.0 = Release|Any CPU
		{C2FB4409-DE5C-4146-9ACE-6022CDE14007}.Debug|Any CPU.ActiveCfg = Debug|Any CPU
		{C2FB4409-DE5C-4146-9ACE-6022CDE14007}.Debug|Any CPU.Build.0 = Debug|Any CPU
		{C2FB4409-DE5C-4146-9ACE-6022CDE14007}.Release|Any CPU.ActiveCfg = Release|Any CPU
		{C2FB4409-DE5C-4146-9ACE-6022CDE14007}.Release|Any CPU.Build.0 = Release|Any CPU
		{297BF97B-9498-458F-8063-3D0B8C80CF85}.Debug|Any CPU.ActiveCfg = Debug|Any CPU
		{297BF97B-9498-458F-8063-3D0B8C80CF85}.Debug|Any CPU.Build.0 = Debug|Any CPU
		{297BF97B-9498-458F-8063-3D0B8C80CF85}.Release|Any CPU.ActiveCfg = Release|Any CPU
		{297BF97B-9498-458F-8063-3D0B8C80CF85}.Release|Any CPU.Build.0 = Release|Any CPU
		{85ED6B92-1460-429A-8E3F-B17C4602C3B4}.Debug|Any CPU.ActiveCfg = Debug|Any CPU
		{85ED6B92-1460-429A-8E3F-B17C4602C3B4}.Debug|Any CPU.Build.0 = Debug|Any CPU
		{85ED6B92-1460-429A-8E3F-B17C4602C3B4}.Release|Any CPU.ActiveCfg = Release|Any CPU
		{85ED6B92-1460-429A-8E3F-B17C4602C3B4}.Release|Any CPU.Build.0 = Release|Any CPU
	EndGlobalSection
	GlobalSection(SolutionProperties) = preSolution
		HideSolutionNode = FALSE
	EndGlobalSection
	GlobalSection(ExtensibilityGlobals) = postSolution
		SolutionGuid = {B5CC64EE-2E1E-4B85-950F-1030B84FC4AD}
	EndGlobalSection
EndGlobal
